// !$*UTF8*$!
{
	archiveVersion = 1;
	classes = {
	};
	objectVersion = 46;
	objects = {

/* Begin PBXBuildFile section */
		181913F71D1FE61600EBE46A /* main.m in Sources */ = {isa = PBXBuildFile; fileRef = 181913F61D1FE61600EBE46A /* main.m */; };
		181913FA1D1FE61600EBE46A /* AppDelegate.m in Sources */ = {isa = PBXBuildFile; fileRef = 181913F91D1FE61600EBE46A /* AppDelegate.m */; };
		181913FD1D1FE61600EBE46A /* ViewController.m in Sources */ = {isa = PBXBuildFile; fileRef = 181913FC1D1FE61600EBE46A /* ViewController.m */; };
		181914001D1FE61600EBE46A /* Main.storyboard in Resources */ = {isa = PBXBuildFile; fileRef = 181913FE1D1FE61600EBE46A /* Main.storyboard */; };
		181914021D1FE61600EBE46A /* Assets.xcassets in Resources */ = {isa = PBXBuildFile; fileRef = 181914011D1FE61600EBE46A /* Assets.xcassets */; };
		181914051D1FE61600EBE46A /* LaunchScreen.storyboard in Resources */ = {isa = PBXBuildFile; fileRef = 181914031D1FE61600EBE46A /* LaunchScreen.storyboard */; };
		181914101D1FE61600EBE46A /* DynamicCellHeightDemoTests.m in Sources */ = {isa = PBXBuildFile; fileRef = 1819140F1D1FE61600EBE46A /* DynamicCellHeightDemoTests.m */; };
		1819141B1D1FE61600EBE46A /* DynamicCellHeightDemoUITests.m in Sources */ = {isa = PBXBuildFile; fileRef = 1819141A1D1FE61600EBE46A /* DynamicCellHeightDemoUITests.m */; };
		1819142B1D1FE65A00EBE46A /* TestCell.m in Sources */ = {isa = PBXBuildFile; fileRef = 181914291D1FE65A00EBE46A /* TestCell.m */; };
		1819142C1D1FE65A00EBE46A /* TestCell.xib in Resources */ = {isa = PBXBuildFile; fileRef = 1819142A1D1FE65A00EBE46A /* TestCell.xib */; };
		1819142F1D1FEF5600EBE46A /* Method3ViewController.m in Sources */ = {isa = PBXBuildFile; fileRef = 1819142E1D1FEF5600EBE46A /* Method3ViewController.m */; };
		181914361D1FF1A200EBE46A /* Method3TableViewCell.m in Sources */ = {isa = PBXBuildFile; fileRef = 181914341D1FF1A200EBE46A /* Method3TableViewCell.m */; };
		181914371D1FF1A200EBE46A /* Method3TableViewCell.xib in Resources */ = {isa = PBXBuildFile; fileRef = 181914351D1FF1A200EBE46A /* Method3TableViewCell.xib */; };
		223C5A191D2A902400EB7AB7 /* DCBaseViewController.m in Sources */ = {isa = PBXBuildFile; fileRef = 223C5A181D2A902400EB7AB7 /* DCBaseViewController.m */; };
		223C5A1C1D2A90BA00EB7AB7 /* DCCaculateCellHeightViewController.m in Sources */ = {isa = PBXBuildFile; fileRef = 223C5A1B1D2A90BA00EB7AB7 /* DCCaculateCellHeightViewController.m */; };
		223C5A1F1D2A90D300EB7AB7 /* DCAutomaticMasonryViewController.m in Sources */ = {isa = PBXBuildFile; fileRef = 223C5A1E1D2A90D300EB7AB7 /* DCAutomaticMasonryViewController.m */; };
		223C5A221D2A90F500EB7AB7 /* DCAutomaticAutolayoutViewController.m in Sources */ = {isa = PBXBuildFile; fileRef = 223C5A211D2A90F500EB7AB7 /* DCAutomaticAutolayoutViewController.m */; };
		223C5A251D2A911F00EB7AB7 /* DCConstraintsAutolayoutViewController.m in Sources */ = {isa = PBXBuildFile; fileRef = 223C5A241D2A911F00EB7AB7 /* DCConstraintsAutolayoutViewController.m */; };
		223C5A281D2A913400EB7AB7 /* DCConstraintsMasonryViewController.m in Sources */ = {isa = PBXBuildFile; fileRef = 223C5A271D2A913400EB7AB7 /* DCConstraintsMasonryViewController.m */; };
		223C5A2B1D2A915E00EB7AB7 /* DCConstraintsMasonryCell.m in Sources */ = {isa = PBXBuildFile; fileRef = 223C5A2A1D2A915E00EB7AB7 /* DCConstraintsMasonryCell.m */; };
		223C5A2F1D2A918000EB7AB7 /* DCConstraintsAutolayoutCell.m in Sources */ = {isa = PBXBuildFile; fileRef = 223C5A2D1D2A918000EB7AB7 /* DCConstraintsAutolayoutCell.m */; };
		223C5A301D2A918000EB7AB7 /* DCConstraintsAutolayoutCell.xib in Resources */ = {isa = PBXBuildFile; fileRef = 223C5A2E1D2A918000EB7AB7 /* DCConstraintsAutolayoutCell.xib */; };
		223C5A331D2A91A600EB7AB7 /* DCAutomaticMasonryCell.m in Sources */ = {isa = PBXBuildFile; fileRef = 223C5A321D2A91A600EB7AB7 /* DCAutomaticMasonryCell.m */; };
		223C5A371D2A91C500EB7AB7 /* DCAutomaticAutolayoutCell.m in Sources */ = {isa = PBXBuildFile; fileRef = 223C5A351D2A91C500EB7AB7 /* DCAutomaticAutolayoutCell.m */; };
		223C5A381D2A91C500EB7AB7 /* DCAutomaticAutolayoutCell.xib in Resources */ = {isa = PBXBuildFile; fileRef = 223C5A361D2A91C500EB7AB7 /* DCAutomaticAutolayoutCell.xib */; };
		223C5A3A1D2A920800EB7AB7 /* TODO.md in Sources */ = {isa = PBXBuildFile; fileRef = 223C5A391D2A920800EB7AB7 /* TODO.md */; };
		2250A7C51D34753B0043FE22 /* MethodListViewController.m in Sources */ = {isa = PBXBuildFile; fileRef = 2250A7C41D34753B0043FE22 /* MethodListViewController.m */; };
		FBF6270837E13ACDFA91EF56 /* libPods.a in Frameworks */ = {isa = PBXBuildFile; fileRef = 8EB3B85F421EEF7887ABA549 /* libPods.a */; };
/* End PBXBuildFile section */

/* Begin PBXContainerItemProxy section */
		1819140C1D1FE61600EBE46A /* PBXContainerItemProxy */ = {
			isa = PBXContainerItemProxy;
			containerPortal = 181913EA1D1FE61600EBE46A /* Project object */;
			proxyType = 1;
			remoteGlobalIDString = 181913F11D1FE61600EBE46A;
			remoteInfo = DynamicCellHeightDemo;
		};
		181914171D1FE61600EBE46A /* PBXContainerItemProxy */ = {
			isa = PBXContainerItemProxy;
			containerPortal = 181913EA1D1FE61600EBE46A /* Project object */;
			proxyType = 1;
			remoteGlobalIDString = 181913F11D1FE61600EBE46A;
			remoteInfo = DynamicCellHeightDemo;
		};
/* End PBXContainerItemProxy section */

/* Begin PBXFileReference section */
		181913F21D1FE61600EBE46A /* DynamicCellHeightDemo.app */ = {isa = PBXFileReference; explicitFileType = wrapper.application; includeInIndex = 0; path = DynamicCellHeightDemo.app; sourceTree = BUILT_PRODUCTS_DIR; };
		181913F61D1FE61600EBE46A /* main.m */ = {isa = PBXFileReference; lastKnownFileType = sourcecode.c.objc; path = main.m; sourceTree = "<group>"; };
		181913F81D1FE61600EBE46A /* AppDelegate.h */ = {isa = PBXFileReference; lastKnownFileType = sourcecode.c.h; path = AppDelegate.h; sourceTree = "<group>"; };
		181913F91D1FE61600EBE46A /* AppDelegate.m */ = {isa = PBXFileReference; lastKnownFileType = sourcecode.c.objc; path = AppDelegate.m; sourceTree = "<group>"; };
		181913FB1D1FE61600EBE46A /* ViewController.h */ = {isa = PBXFileReference; lastKnownFileType = sourcecode.c.h; path = ViewController.h; sourceTree = "<group>"; };
		181913FC1D1FE61600EBE46A /* ViewController.m */ = {isa = PBXFileReference; lastKnownFileType = sourcecode.c.objc; path = ViewController.m; sourceTree = "<group>"; };
		181913FF1D1FE61600EBE46A /* Base */ = {isa = PBXFileReference; lastKnownFileType = file.storyboard; name = Base; path = Base.lproj/Main.storyboard; sourceTree = "<group>"; };
		181914011D1FE61600EBE46A /* Assets.xcassets */ = {isa = PBXFileReference; lastKnownFileType = folder.assetcatalog; path = Assets.xcassets; sourceTree = "<group>"; };
		181914041D1FE61600EBE46A /* Base */ = {isa = PBXFileReference; lastKnownFileType = file.storyboard; name = Base; path = Base.lproj/LaunchScreen.storyboard; sourceTree = "<group>"; };
		181914061D1FE61600EBE46A /* Info.plist */ = {isa = PBXFileReference; lastKnownFileType = text.plist.xml; path = Info.plist; sourceTree = "<group>"; };
		1819140B1D1FE61600EBE46A /* DynamicCellHeightDemoTests.xctest */ = {isa = PBXFileReference; explicitFileType = wrapper.cfbundle; includeInIndex = 0; path = DynamicCellHeightDemoTests.xctest; sourceTree = BUILT_PRODUCTS_DIR; };
		1819140F1D1FE61600EBE46A /* DynamicCellHeightDemoTests.m */ = {isa = PBXFileReference; lastKnownFileType = sourcecode.c.objc; path = DynamicCellHeightDemoTests.m; sourceTree = "<group>"; };
		181914111D1FE61600EBE46A /* Info.plist */ = {isa = PBXFileReference; lastKnownFileType = text.plist.xml; path = Info.plist; sourceTree = "<group>"; };
		181914161D1FE61600EBE46A /* DynamicCellHeightDemoUITests.xctest */ = {isa = PBXFileReference; explicitFileType = wrapper.cfbundle; includeInIndex = 0; path = DynamicCellHeightDemoUITests.xctest; sourceTree = BUILT_PRODUCTS_DIR; };
		1819141A1D1FE61600EBE46A /* DynamicCellHeightDemoUITests.m */ = {isa = PBXFileReference; lastKnownFileType = sourcecode.c.objc; path = DynamicCellHeightDemoUITests.m; sourceTree = "<group>"; };
		1819141C1D1FE61600EBE46A /* Info.plist */ = {isa = PBXFileReference; lastKnownFileType = text.plist.xml; path = Info.plist; sourceTree = "<group>"; };
		181914281D1FE65A00EBE46A /* TestCell.h */ = {isa = PBXFileReference; fileEncoding = 4; lastKnownFileType = sourcecode.c.h; path = TestCell.h; sourceTree = "<group>"; };
		181914291D1FE65A00EBE46A /* TestCell.m */ = {isa = PBXFileReference; fileEncoding = 4; lastKnownFileType = sourcecode.c.objc; path = TestCell.m; sourceTree = "<group>"; };
		1819142A1D1FE65A00EBE46A /* TestCell.xib */ = {isa = PBXFileReference; fileEncoding = 4; lastKnownFileType = file.xib; path = TestCell.xib; sourceTree = "<group>"; };
		1819142D1D1FEF5600EBE46A /* Method3ViewController.h */ = {isa = PBXFileReference; fileEncoding = 4; lastKnownFileType = sourcecode.c.h; path = Method3ViewController.h; sourceTree = "<group>"; };
		1819142E1D1FEF5600EBE46A /* Method3ViewController.m */ = {isa = PBXFileReference; fileEncoding = 4; lastKnownFileType = sourcecode.c.objc; path = Method3ViewController.m; sourceTree = "<group>"; };
		181914331D1FF1A200EBE46A /* Method3TableViewCell.h */ = {isa = PBXFileReference; fileEncoding = 4; lastKnownFileType = sourcecode.c.h; path = Method3TableViewCell.h; sourceTree = "<group>"; };
		181914341D1FF1A200EBE46A /* Method3TableViewCell.m */ = {isa = PBXFileReference; fileEncoding = 4; lastKnownFileType = sourcecode.c.objc; path = Method3TableViewCell.m; sourceTree = "<group>"; };
		181914351D1FF1A200EBE46A /* Method3TableViewCell.xib */ = {isa = PBXFileReference; fileEncoding = 4; lastKnownFileType = file.xib; path = Method3TableViewCell.xib; sourceTree = "<group>"; };
		223C5A171D2A902400EB7AB7 /* DCBaseViewController.h */ = {isa = PBXFileReference; fileEncoding = 4; lastKnownFileType = sourcecode.c.h; path = DCBaseViewController.h; sourceTree = "<group>"; };
		223C5A181D2A902400EB7AB7 /* DCBaseViewController.m */ = {isa = PBXFileReference; fileEncoding = 4; lastKnownFileType = sourcecode.c.objc; path = DCBaseViewController.m; sourceTree = "<group>"; };
		223C5A1A1D2A90BA00EB7AB7 /* DCCaculateCellHeightViewController.h */ = {isa = PBXFileReference; fileEncoding = 4; lastKnownFileType = sourcecode.c.h; path = DCCaculateCellHeightViewController.h; sourceTree = "<group>"; };
		223C5A1B1D2A90BA00EB7AB7 /* DCCaculateCellHeightViewController.m */ = {isa = PBXFileReference; fileEncoding = 4; lastKnownFileType = sourcecode.c.objc; path = DCCaculateCellHeightViewController.m; sourceTree = "<group>"; };
		223C5A1D1D2A90D300EB7AB7 /* DCAutomaticMasonryViewController.h */ = {isa = PBXFileReference; fileEncoding = 4; lastKnownFileType = sourcecode.c.h; path = DCAutomaticMasonryViewController.h; sourceTree = "<group>"; };
		223C5A1E1D2A90D300EB7AB7 /* DCAutomaticMasonryViewController.m */ = {isa = PBXFileReference; fileEncoding = 4; lastKnownFileType = sourcecode.c.objc; path = DCAutomaticMasonryViewController.m; sourceTree = "<group>"; };
		223C5A201D2A90F500EB7AB7 /* DCAutomaticAutolayoutViewController.h */ = {isa = PBXFileReference; fileEncoding = 4; lastKnownFileType = sourcecode.c.h; path = DCAutomaticAutolayoutViewController.h; sourceTree = "<group>"; };
		223C5A211D2A90F500EB7AB7 /* DCAutomaticAutolayoutViewController.m */ = {isa = PBXFileReference; fileEncoding = 4; lastKnownFileType = sourcecode.c.objc; path = DCAutomaticAutolayoutViewController.m; sourceTree = "<group>"; };
		223C5A231D2A911F00EB7AB7 /* DCConstraintsAutolayoutViewController.h */ = {isa = PBXFileReference; fileEncoding = 4; lastKnownFileType = sourcecode.c.h; path = DCConstraintsAutolayoutViewController.h; sourceTree = "<group>"; };
		223C5A241D2A911F00EB7AB7 /* DCConstraintsAutolayoutViewController.m */ = {isa = PBXFileReference; fileEncoding = 4; lastKnownFileType = sourcecode.c.objc; path = DCConstraintsAutolayoutViewController.m; sourceTree = "<group>"; };
		223C5A261D2A913400EB7AB7 /* DCConstraintsMasonryViewController.h */ = {isa = PBXFileReference; fileEncoding = 4; lastKnownFileType = sourcecode.c.h; path = DCConstraintsMasonryViewController.h; sourceTree = "<group>"; };
		223C5A271D2A913400EB7AB7 /* DCConstraintsMasonryViewController.m */ = {isa = PBXFileReference; fileEncoding = 4; lastKnownFileType = sourcecode.c.objc; path = DCConstraintsMasonryViewController.m; sourceTree = "<group>"; };
		223C5A291D2A915E00EB7AB7 /* DCConstraintsMasonryCell.h */ = {isa = PBXFileReference; fileEncoding = 4; lastKnownFileType = sourcecode.c.h; path = DCConstraintsMasonryCell.h; sourceTree = "<group>"; };
		223C5A2A1D2A915E00EB7AB7 /* DCConstraintsMasonryCell.m */ = {isa = PBXFileReference; fileEncoding = 4; lastKnownFileType = sourcecode.c.objc; path = DCConstraintsMasonryCell.m; sourceTree = "<group>"; };
		223C5A2C1D2A918000EB7AB7 /* DCConstraintsAutolayoutCell.h */ = {isa = PBXFileReference; fileEncoding = 4; lastKnownFileType = sourcecode.c.h; path = DCConstraintsAutolayoutCell.h; sourceTree = "<group>"; };
		223C5A2D1D2A918000EB7AB7 /* DCConstraintsAutolayoutCell.m */ = {isa = PBXFileReference; fileEncoding = 4; lastKnownFileType = sourcecode.c.objc; path = DCConstraintsAutolayoutCell.m; sourceTree = "<group>"; };
		223C5A2E1D2A918000EB7AB7 /* DCConstraintsAutolayoutCell.xib */ = {isa = PBXFileReference; fileEncoding = 4; lastKnownFileType = file.xib; path = DCConstraintsAutolayoutCell.xib; sourceTree = "<group>"; };
		223C5A311D2A91A600EB7AB7 /* DCAutomaticMasonryCell.h */ = {isa = PBXFileReference; fileEncoding = 4; lastKnownFileType = sourcecode.c.h; path = DCAutomaticMasonryCell.h; sourceTree = "<group>"; };
		223C5A321D2A91A600EB7AB7 /* DCAutomaticMasonryCell.m */ = {isa = PBXFileReference; fileEncoding = 4; lastKnownFileType = sourcecode.c.objc; path = DCAutomaticMasonryCell.m; sourceTree = "<group>"; };
		223C5A341D2A91C500EB7AB7 /* DCAutomaticAutolayoutCell.h */ = {isa = PBXFileReference; fileEncoding = 4; lastKnownFileType = sourcecode.c.h; path = DCAutomaticAutolayoutCell.h; sourceTree = "<group>"; };
		223C5A351D2A91C500EB7AB7 /* DCAutomaticAutolayoutCell.m */ = {isa = PBXFileReference; fileEncoding = 4; lastKnownFileType = sourcecode.c.objc; path = DCAutomaticAutolayoutCell.m; sourceTree = "<group>"; };
		223C5A361D2A91C500EB7AB7 /* DCAutomaticAutolayoutCell.xib */ = {isa = PBXFileReference; fileEncoding = 4; lastKnownFileType = file.xib; path = DCAutomaticAutolayoutCell.xib; sourceTree = "<group>"; };
		223C5A391D2A920800EB7AB7 /* TODO.md */ = {isa = PBXFileReference; fileEncoding = 4; lastKnownFileType = net.daringfireball.markdown; path = TODO.md; sourceTree = "<group>"; };
		2250A7C31D34753B0043FE22 /* MethodListViewController.h */ = {isa = PBXFileReference; fileEncoding = 4; lastKnownFileType = sourcecode.c.h; path = MethodListViewController.h; sourceTree = "<group>"; };
		2250A7C41D34753B0043FE22 /* MethodListViewController.m */ = {isa = PBXFileReference; fileEncoding = 4; lastKnownFileType = sourcecode.c.objc; path = MethodListViewController.m; sourceTree = "<group>"; };
		2250A7C61D34782D0043FE22 /* DCPrefixHeader.pch */ = {isa = PBXFileReference; fileEncoding = 4; lastKnownFileType = sourcecode.c.h; path = DCPrefixHeader.pch; sourceTree = "<group>"; };
		404BC2FCC5BA3D886ED4E376 /* Pods.release.xcconfig */ = {isa = PBXFileReference; includeInIndex = 1; lastKnownFileType = text.xcconfig; name = Pods.release.xcconfig; path = "Pods/Target Support Files/Pods/Pods.release.xcconfig"; sourceTree = "<group>"; };
		8EB3B85F421EEF7887ABA549 /* libPods.a */ = {isa = PBXFileReference; explicitFileType = archive.ar; includeInIndex = 0; path = libPods.a; sourceTree = BUILT_PRODUCTS_DIR; };
		A5380B6A83CE1498D2A40298 /* Pods.debug.xcconfig */ = {isa = PBXFileReference; includeInIndex = 1; lastKnownFileType = text.xcconfig; name = Pods.debug.xcconfig; path = "Pods/Target Support Files/Pods/Pods.debug.xcconfig"; sourceTree = "<group>"; };
/* End PBXFileReference section */

/* Begin PBXFrameworksBuildPhase section */
		181913EF1D1FE61600EBE46A /* Frameworks */ = {
			isa = PBXFrameworksBuildPhase;
			buildActionMask = 2147483647;
			files = (
				FBF6270837E13ACDFA91EF56 /* libPods.a in Frameworks */,
			);
			runOnlyForDeploymentPostprocessing = 0;
		};
		181914081D1FE61600EBE46A /* Frameworks */ = {
			isa = PBXFrameworksBuildPhase;
			buildActionMask = 2147483647;
			files = (
			);
			runOnlyForDeploymentPostprocessing = 0;
		};
		181914131D1FE61600EBE46A /* Frameworks */ = {
			isa = PBXFrameworksBuildPhase;
			buildActionMask = 2147483647;
			files = (
			);
			runOnlyForDeploymentPostprocessing = 0;
		};
/* End PBXFrameworksBuildPhase section */

/* Begin PBXGroup section */
		160AB165CC7D1798C8FE4409 /* Frameworks */ = {
			isa = PBXGroup;
			children = (
				8EB3B85F421EEF7887ABA549 /* libPods.a */,
			);
			name = Frameworks;
			sourceTree = "<group>";
		};
		181913E91D1FE61600EBE46A = {
			isa = PBXGroup;
			children = (
				181913F41D1FE61600EBE46A /* DynamicCellHeightDemo */,
				1819140E1D1FE61600EBE46A /* DynamicCellHeightDemoTests */,
				181914191D1FE61600EBE46A /* DynamicCellHeightDemoUITests */,
				181913F31D1FE61600EBE46A /* Products */,
				24D241EDF2D639E580BD474B /* Pods */,
				160AB165CC7D1798C8FE4409 /* Frameworks */,
			);
			sourceTree = "<group>";
		};
		181913F31D1FE61600EBE46A /* Products */ = {
			isa = PBXGroup;
			children = (
				181913F21D1FE61600EBE46A /* DynamicCellHeightDemo.app */,
				1819140B1D1FE61600EBE46A /* DynamicCellHeightDemoTests.xctest */,
				181914161D1FE61600EBE46A /* DynamicCellHeightDemoUITests.xctest */,
			);
			name = Products;
			sourceTree = "<group>";
		};
		181913F41D1FE61600EBE46A /* DynamicCellHeightDemo */ = {
			isa = PBXGroup;
			children = (
				223C5A121D2A900F00EB7AB7 /* Common */,
				223C59F91D2A8C4E00EB7AB7 /* CaculateCellHeight */,
				223C59FA1D2A8C4E00EB7AB7 /* TableViewAutomaticDimension */,
				223C59FB1D2A8C4E00EB7AB7 /* UseConstraints */,
				2250A7C31D34753B0043FE22 /* MethodListViewController.h */,
				2250A7C41D34753B0043FE22 /* MethodListViewController.m */,
				181914331D1FF1A200EBE46A /* Method3TableViewCell.h */,
				181914341D1FF1A200EBE46A /* Method3TableViewCell.m */,
				181914351D1FF1A200EBE46A /* Method3TableViewCell.xib */,
				1819142D1D1FEF5600EBE46A /* Method3ViewController.h */,
				1819142E1D1FEF5600EBE46A /* Method3ViewController.m */,
				181914281D1FE65A00EBE46A /* TestCell.h */,
				181914291D1FE65A00EBE46A /* TestCell.m */,
				1819142A1D1FE65A00EBE46A /* TestCell.xib */,
				181913F81D1FE61600EBE46A /* AppDelegate.h */,
				181913F91D1FE61600EBE46A /* AppDelegate.m */,
				181913FB1D1FE61600EBE46A /* ViewController.h */,
				181913FC1D1FE61600EBE46A /* ViewController.m */,
				181913FE1D1FE61600EBE46A /* Main.storyboard */,
				181914011D1FE61600EBE46A /* Assets.xcassets */,
				181914031D1FE61600EBE46A /* LaunchScreen.storyboard */,
				181914061D1FE61600EBE46A /* Info.plist */,
				181913F51D1FE61600EBE46A /* Supporting Files */,
			);
			path = DynamicCellHeightDemo;
			sourceTree = "<group>";
		};
		181913F51D1FE61600EBE46A /* Supporting Files */ = {
			isa = PBXGroup;
			children = (
				181913F61D1FE61600EBE46A /* main.m */,
				223C5A391D2A920800EB7AB7 /* TODO.md */,
				2250A7C61D34782D0043FE22 /* DCPrefixHeader.pch */,
			);
			name = "Supporting Files";
			sourceTree = "<group>";
		};
		1819140E1D1FE61600EBE46A /* DynamicCellHeightDemoTests */ = {
			isa = PBXGroup;
			children = (
				1819140F1D1FE61600EBE46A /* DynamicCellHeightDemoTests.m */,
				181914111D1FE61600EBE46A /* Info.plist */,
			);
			path = DynamicCellHeightDemoTests;
			sourceTree = "<group>";
		};
		181914191D1FE61600EBE46A /* DynamicCellHeightDemoUITests */ = {
			isa = PBXGroup;
			children = (
				1819141A1D1FE61600EBE46A /* DynamicCellHeightDemoUITests.m */,
				1819141C1D1FE61600EBE46A /* Info.plist */,
			);
			path = DynamicCellHeightDemoUITests;
			sourceTree = "<group>";
		};
		223C59F91D2A8C4E00EB7AB7 /* CaculateCellHeight */ = {
			isa = PBXGroup;
			children = (
				223C5A1A1D2A90BA00EB7AB7 /* DCCaculateCellHeightViewController.h */,
				223C5A1B1D2A90BA00EB7AB7 /* DCCaculateCellHeightViewController.m */,
			);
			path = CaculateCellHeight;
			sourceTree = "<group>";
		};
		223C59FA1D2A8C4E00EB7AB7 /* TableViewAutomaticDimension */ = {
			isa = PBXGroup;
			children = (
				223C5A061D2A8CF900EB7AB7 /* Autolayout */,
				223C5A0A1D2A8CF900EB7AB7 /* Masonry */,
			);
			path = TableViewAutomaticDimension;
			sourceTree = "<group>";
		};
		223C59FB1D2A8C4E00EB7AB7 /* UseConstraints */ = {
			isa = PBXGroup;
			children = (
				223C59FC1D2A8C7900EB7AB7 /* Autolayout */,
				223C59FD1D2A8C7900EB7AB7 /* Masonry */,
			);
			path = UseConstraints;
			sourceTree = "<group>";
		};
		223C59FC1D2A8C7900EB7AB7 /* Autolayout */ = {
			isa = PBXGroup;
			children = (
				223C5A001D2A8CE700EB7AB7 /* Controller */,
				223C5A011D2A8CE700EB7AB7 /* Model */,
				223C5A021D2A8CE700EB7AB7 /* View */,
			);
			path = Autolayout;
			sourceTree = "<group>";
		};
		223C59FD1D2A8C7900EB7AB7 /* Masonry */ = {
			isa = PBXGroup;
			children = (
				223C5A031D2A8CEE00EB7AB7 /* Controller */,
				223C5A041D2A8CEE00EB7AB7 /* Model */,
				223C5A051D2A8CEE00EB7AB7 /* View */,
			);
			path = Masonry;
			sourceTree = "<group>";
		};
		223C5A001D2A8CE700EB7AB7 /* Controller */ = {
			isa = PBXGroup;
			children = (
				223C5A231D2A911F00EB7AB7 /* DCConstraintsAutolayoutViewController.h */,
				223C5A241D2A911F00EB7AB7 /* DCConstraintsAutolayoutViewController.m */,
			);
			path = Controller;
			sourceTree = "<group>";
		};
		223C5A011D2A8CE700EB7AB7 /* Model */ = {
			isa = PBXGroup;
			children = (
			);
			path = Model;
			sourceTree = "<group>";
		};
		223C5A021D2A8CE700EB7AB7 /* View */ = {
			isa = PBXGroup;
			children = (
				223C5A2C1D2A918000EB7AB7 /* DCConstraintsAutolayoutCell.h */,
				223C5A2D1D2A918000EB7AB7 /* DCConstraintsAutolayoutCell.m */,
				223C5A2E1D2A918000EB7AB7 /* DCConstraintsAutolayoutCell.xib */,
			);
			path = View;
			sourceTree = "<group>";
		};
		223C5A031D2A8CEE00EB7AB7 /* Controller */ = {
			isa = PBXGroup;
			children = (
				223C5A261D2A913400EB7AB7 /* DCConstraintsMasonryViewController.h */,
				223C5A271D2A913400EB7AB7 /* DCConstraintsMasonryViewController.m */,
			);
			path = Controller;
			sourceTree = "<group>";
		};
		223C5A041D2A8CEE00EB7AB7 /* Model */ = {
			isa = PBXGroup;
			children = (
			);
			path = Model;
			sourceTree = "<group>";
		};
		223C5A051D2A8CEE00EB7AB7 /* View */ = {
			isa = PBXGroup;
			children = (
				223C5A291D2A915E00EB7AB7 /* DCConstraintsMasonryCell.h */,
				223C5A2A1D2A915E00EB7AB7 /* DCConstraintsMasonryCell.m */,
			);
			path = View;
			sourceTree = "<group>";
		};
		223C5A061D2A8CF900EB7AB7 /* Autolayout */ = {
			isa = PBXGroup;
			children = (
				223C5A071D2A8CF900EB7AB7 /* Controller */,
				223C5A081D2A8CF900EB7AB7 /* Model */,
				223C5A091D2A8CF900EB7AB7 /* View */,
			);
			path = Autolayout;
			sourceTree = "<group>";
		};
		223C5A071D2A8CF900EB7AB7 /* Controller */ = {
			isa = PBXGroup;
			children = (
				223C5A201D2A90F500EB7AB7 /* DCAutomaticAutolayoutViewController.h */,
				223C5A211D2A90F500EB7AB7 /* DCAutomaticAutolayoutViewController.m */,
			);
			path = Controller;
			sourceTree = "<group>";
		};
		223C5A081D2A8CF900EB7AB7 /* Model */ = {
			isa = PBXGroup;
			children = (
			);
			path = Model;
			sourceTree = "<group>";
		};
		223C5A091D2A8CF900EB7AB7 /* View */ = {
			isa = PBXGroup;
			children = (
				223C5A341D2A91C500EB7AB7 /* DCAutomaticAutolayoutCell.h */,
				223C5A351D2A91C500EB7AB7 /* DCAutomaticAutolayoutCell.m */,
				223C5A361D2A91C500EB7AB7 /* DCAutomaticAutolayoutCell.xib */,
			);
			path = View;
			sourceTree = "<group>";
		};
		223C5A0A1D2A8CF900EB7AB7 /* Masonry */ = {
			isa = PBXGroup;
			children = (
				223C5A0B1D2A8CF900EB7AB7 /* Controller */,
				223C5A0C1D2A8CF900EB7AB7 /* Model */,
				223C5A0D1D2A8CF900EB7AB7 /* View */,
			);
			path = Masonry;
			sourceTree = "<group>";
		};
		223C5A0B1D2A8CF900EB7AB7 /* Controller */ = {
			isa = PBXGroup;
			children = (
				223C5A1D1D2A90D300EB7AB7 /* DCAutomaticMasonryViewController.h */,
				223C5A1E1D2A90D300EB7AB7 /* DCAutomaticMasonryViewController.m */,
			);
			path = Controller;
			sourceTree = "<group>";
		};
		223C5A0C1D2A8CF900EB7AB7 /* Model */ = {
			isa = PBXGroup;
			children = (
			);
			path = Model;
			sourceTree = "<group>";
		};
		223C5A0D1D2A8CF900EB7AB7 /* View */ = {
			isa = PBXGroup;
			children = (
				223C5A311D2A91A600EB7AB7 /* DCAutomaticMasonryCell.h */,
				223C5A321D2A91A600EB7AB7 /* DCAutomaticMasonryCell.m */,
			);
			path = View;
			sourceTree = "<group>";
		};
		223C5A121D2A900F00EB7AB7 /* Common */ = {
			isa = PBXGroup;
			children = (
				223C5A131D2A900F00EB7AB7 /* Controller */,
				223C5A151D2A900F00EB7AB7 /* Model */,
				223C5A161D2A900F00EB7AB7 /* View */,
			);
			path = Common;
			sourceTree = "<group>";
		};
		223C5A131D2A900F00EB7AB7 /* Controller */ = {
			isa = PBXGroup;
			children = (
				223C5A141D2A900F00EB7AB7 /* DCBaseViewController */,
			);
			path = Controller;
			sourceTree = "<group>";
		};
		223C5A141D2A900F00EB7AB7 /* DCBaseViewController */ = {
			isa = PBXGroup;
			children = (
				223C5A171D2A902400EB7AB7 /* DCBaseViewController.h */,
				223C5A181D2A902400EB7AB7 /* DCBaseViewController.m */,
			);
			path = DCBaseViewController;
			sourceTree = "<group>";
		};
		223C5A151D2A900F00EB7AB7 /* Model */ = {
			isa = PBXGroup;
			children = (
			);
			path = Model;
			sourceTree = "<group>";
		};
		223C5A161D2A900F00EB7AB7 /* View */ = {
			isa = PBXGroup;
			children = (
			);
			path = View;
			sourceTree = "<group>";
		};
		24D241EDF2D639E580BD474B /* Pods */ = {
			isa = PBXGroup;
			children = (
				A5380B6A83CE1498D2A40298 /* Pods.debug.xcconfig */,
				404BC2FCC5BA3D886ED4E376 /* Pods.release.xcconfig */,
			);
			name = Pods;
			sourceTree = "<group>";
		};
/* End PBXGroup section */

/* Begin PBXNativeTarget section */
		181913F11D1FE61600EBE46A /* DynamicCellHeightDemo */ = {
			isa = PBXNativeTarget;
			buildConfigurationList = 1819141F1D1FE61600EBE46A /* Build configuration list for PBXNativeTarget "DynamicCellHeightDemo" */;
			buildPhases = (
				11427A080DE9E8E4343C1385 /* Check Pods Manifest.lock */,
				181913EE1D1FE61600EBE46A /* Sources */,
				181913EF1D1FE61600EBE46A /* Frameworks */,
				181913F01D1FE61600EBE46A /* Resources */,
				B777B17501658FBEAEE6F737 /* Embed Pods Frameworks */,
				0ABC2A5A52B2C5EE71FF3449 /* Copy Pods Resources */,
			);
			buildRules = (
			);
			dependencies = (
			);
			name = DynamicCellHeightDemo;
			productName = DynamicCellHeightDemo;
			productReference = 181913F21D1FE61600EBE46A /* DynamicCellHeightDemo.app */;
			productType = "com.apple.product-type.application";
		};
		1819140A1D1FE61600EBE46A /* DynamicCellHeightDemoTests */ = {
			isa = PBXNativeTarget;
			buildConfigurationList = 181914221D1FE61600EBE46A /* Build configuration list for PBXNativeTarget "DynamicCellHeightDemoTests" */;
			buildPhases = (
				181914071D1FE61600EBE46A /* Sources */,
				181914081D1FE61600EBE46A /* Frameworks */,
				181914091D1FE61600EBE46A /* Resources */,
			);
			buildRules = (
			);
			dependencies = (
				1819140D1D1FE61600EBE46A /* PBXTargetDependency */,
			);
			name = DynamicCellHeightDemoTests;
			productName = DynamicCellHeightDemoTests;
			productReference = 1819140B1D1FE61600EBE46A /* DynamicCellHeightDemoTests.xctest */;
			productType = "com.apple.product-type.bundle.unit-test";
		};
		181914151D1FE61600EBE46A /* DynamicCellHeightDemoUITests */ = {
			isa = PBXNativeTarget;
			buildConfigurationList = 181914251D1FE61600EBE46A /* Build configuration list for PBXNativeTarget "DynamicCellHeightDemoUITests" */;
			buildPhases = (
				181914121D1FE61600EBE46A /* Sources */,
				181914131D1FE61600EBE46A /* Frameworks */,
				181914141D1FE61600EBE46A /* Resources */,
			);
			buildRules = (
			);
			dependencies = (
				181914181D1FE61600EBE46A /* PBXTargetDependency */,
			);
			name = DynamicCellHeightDemoUITests;
			productName = DynamicCellHeightDemoUITests;
			productReference = 181914161D1FE61600EBE46A /* DynamicCellHeightDemoUITests.xctest */;
			productType = "com.apple.product-type.bundle.ui-testing";
		};
/* End PBXNativeTarget section */

/* Begin PBXProject section */
		181913EA1D1FE61600EBE46A /* Project object */ = {
			isa = PBXProject;
			attributes = {
				LastUpgradeCheck = 0700;
				ORGANIZATIONNAME = GJ;
				TargetAttributes = {
					181913F11D1FE61600EBE46A = {
						CreatedOnToolsVersion = 7.0.1;
					};
					1819140A1D1FE61600EBE46A = {
						CreatedOnToolsVersion = 7.0.1;
						TestTargetID = 181913F11D1FE61600EBE46A;
					};
					181914151D1FE61600EBE46A = {
						CreatedOnToolsVersion = 7.0.1;
						TestTargetID = 181913F11D1FE61600EBE46A;
					};
				};
			};
			buildConfigurationList = 181913ED1D1FE61600EBE46A /* Build configuration list for PBXProject "DynamicCellHeightDemo" */;
			compatibilityVersion = "Xcode 3.2";
			developmentRegion = English;
			hasScannedForEncodings = 0;
			knownRegions = (
				en,
				Base,
			);
			mainGroup = 181913E91D1FE61600EBE46A;
			productRefGroup = 181913F31D1FE61600EBE46A /* Products */;
			projectDirPath = "";
			projectRoot = "";
			targets = (
				181913F11D1FE61600EBE46A /* DynamicCellHeightDemo */,
				1819140A1D1FE61600EBE46A /* DynamicCellHeightDemoTests */,
				181914151D1FE61600EBE46A /* DynamicCellHeightDemoUITests */,
			);
		};
/* End PBXProject section */

/* Begin PBXResourcesBuildPhase section */
		181913F01D1FE61600EBE46A /* Resources */ = {
			isa = PBXResourcesBuildPhase;
			buildActionMask = 2147483647;
			files = (
				223C5A301D2A918000EB7AB7 /* DCConstraintsAutolayoutCell.xib in Resources */,
				181914371D1FF1A200EBE46A /* Method3TableViewCell.xib in Resources */,
				181914051D1FE61600EBE46A /* LaunchScreen.storyboard in Resources */,
				1819142C1D1FE65A00EBE46A /* TestCell.xib in Resources */,
				181914021D1FE61600EBE46A /* Assets.xcassets in Resources */,
				181914001D1FE61600EBE46A /* Main.storyboard in Resources */,
				223C5A381D2A91C500EB7AB7 /* DCAutomaticAutolayoutCell.xib in Resources */,
			);
			runOnlyForDeploymentPostprocessing = 0;
		};
		181914091D1FE61600EBE46A /* Resources */ = {
			isa = PBXResourcesBuildPhase;
			buildActionMask = 2147483647;
			files = (
			);
			runOnlyForDeploymentPostprocessing = 0;
		};
		181914141D1FE61600EBE46A /* Resources */ = {
			isa = PBXResourcesBuildPhase;
			buildActionMask = 2147483647;
			files = (
			);
			runOnlyForDeploymentPostprocessing = 0;
		};
/* End PBXResourcesBuildPhase section */

/* Begin PBXShellScriptBuildPhase section */
		0ABC2A5A52B2C5EE71FF3449 /* Copy Pods Resources */ = {
			isa = PBXShellScriptBuildPhase;
			buildActionMask = 2147483647;
			files = (
			);
			inputPaths = (
			);
			name = "Copy Pods Resources";
			outputPaths = (
			);
			runOnlyForDeploymentPostprocessing = 0;
			shellPath = /bin/sh;
			shellScript = "\"${SRCROOT}/Pods/Target Support Files/Pods/Pods-resources.sh\"\n";
			showEnvVarsInLog = 0;
		};
		11427A080DE9E8E4343C1385 /* Check Pods Manifest.lock */ = {
			isa = PBXShellScriptBuildPhase;
			buildActionMask = 2147483647;
			files = (
			);
			inputPaths = (
			);
			name = "Check Pods Manifest.lock";
			outputPaths = (
			);
			runOnlyForDeploymentPostprocessing = 0;
			shellPath = /bin/sh;
			shellScript = "diff \"${PODS_ROOT}/../Podfile.lock\" \"${PODS_ROOT}/Manifest.lock\" > /dev/null\nif [[ $? != 0 ]] ; then\n    cat << EOM\nerror: The sandbox is not in sync with the Podfile.lock. Run 'pod install' or update your CocoaPods installation.\nEOM\n    exit 1\nfi\n";
			showEnvVarsInLog = 0;
		};
		B777B17501658FBEAEE6F737 /* Embed Pods Frameworks */ = {
			isa = PBXShellScriptBuildPhase;
			buildActionMask = 2147483647;
			files = (
			);
			inputPaths = (
			);
			name = "Embed Pods Frameworks";
			outputPaths = (
			);
			runOnlyForDeploymentPostprocessing = 0;
			shellPath = /bin/sh;
			shellScript = "\"${SRCROOT}/Pods/Target Support Files/Pods/Pods-frameworks.sh\"\n";
			showEnvVarsInLog = 0;
		};
/* End PBXShellScriptBuildPhase section */

/* Begin PBXSourcesBuildPhase section */
		181913EE1D1FE61600EBE46A /* Sources */ = {
			isa = PBXSourcesBuildPhase;
			buildActionMask = 2147483647;
			files = (
				1819142F1D1FEF5600EBE46A /* Method3ViewController.m in Sources */,
				181913FD1D1FE61600EBE46A /* ViewController.m in Sources */,
				223C5A191D2A902400EB7AB7 /* DCBaseViewController.m in Sources */,
				223C5A1F1D2A90D300EB7AB7 /* DCAutomaticMasonryViewController.m in Sources */,
				223C5A251D2A911F00EB7AB7 /* DCConstraintsAutolayoutViewController.m in Sources */,
				181914361D1FF1A200EBE46A /* Method3TableViewCell.m in Sources */,
				223C5A331D2A91A600EB7AB7 /* DCAutomaticMasonryCell.m in Sources */,
				223C5A281D2A913400EB7AB7 /* DCConstraintsMasonryViewController.m in Sources */,
				1819142B1D1FE65A00EBE46A /* TestCell.m in Sources */,
				223C5A221D2A90F500EB7AB7 /* DCAutomaticAutolayoutViewController.m in Sources */,
				223C5A3A1D2A920800EB7AB7 /* TODO.md in Sources */,
				181913FA1D1FE61600EBE46A /* AppDelegate.m in Sources */,
				223C5A371D2A91C500EB7AB7 /* DCAutomaticAutolayoutCell.m in Sources */,
				223C5A2F1D2A918000EB7AB7 /* DCConstraintsAutolayoutCell.m in Sources */,
				223C5A1C1D2A90BA00EB7AB7 /* DCCaculateCellHeightViewController.m in Sources */,
				2250A7C51D34753B0043FE22 /* MethodListViewController.m in Sources */,
				223C5A2B1D2A915E00EB7AB7 /* DCConstraintsMasonryCell.m in Sources */,
				181913F71D1FE61600EBE46A /* main.m in Sources */,
			);
			runOnlyForDeploymentPostprocessing = 0;
		};
		181914071D1FE61600EBE46A /* Sources */ = {
			isa = PBXSourcesBuildPhase;
			buildActionMask = 2147483647;
			files = (
				181914101D1FE61600EBE46A /* DynamicCellHeightDemoTests.m in Sources */,
			);
			runOnlyForDeploymentPostprocessing = 0;
		};
		181914121D1FE61600EBE46A /* Sources */ = {
			isa = PBXSourcesBuildPhase;
			buildActionMask = 2147483647;
			files = (
				1819141B1D1FE61600EBE46A /* DynamicCellHeightDemoUITests.m in Sources */,
			);
			runOnlyForDeploymentPostprocessing = 0;
		};
/* End PBXSourcesBuildPhase section */

/* Begin PBXTargetDependency section */
		1819140D1D1FE61600EBE46A /* PBXTargetDependency */ = {
			isa = PBXTargetDependency;
			target = 181913F11D1FE61600EBE46A /* DynamicCellHeightDemo */;
			targetProxy = 1819140C1D1FE61600EBE46A /* PBXContainerItemProxy */;
		};
		181914181D1FE61600EBE46A /* PBXTargetDependency */ = {
			isa = PBXTargetDependency;
			target = 181913F11D1FE61600EBE46A /* DynamicCellHeightDemo */;
			targetProxy = 181914171D1FE61600EBE46A /* PBXContainerItemProxy */;
		};
/* End PBXTargetDependency section */

/* Begin PBXVariantGroup section */
		181913FE1D1FE61600EBE46A /* Main.storyboard */ = {
			isa = PBXVariantGroup;
			children = (
				181913FF1D1FE61600EBE46A /* Base */,
			);
			name = Main.storyboard;
			sourceTree = "<group>";
		};
		181914031D1FE61600EBE46A /* LaunchScreen.storyboard */ = {
			isa = PBXVariantGroup;
			children = (
				181914041D1FE61600EBE46A /* Base */,
			);
			name = LaunchScreen.storyboard;
			sourceTree = "<group>";
		};
/* End PBXVariantGroup section */

/* Begin XCBuildConfiguration section */
		1819141D1D1FE61600EBE46A /* Debug */ = {
			isa = XCBuildConfiguration;
			buildSettings = {
				ALWAYS_SEARCH_USER_PATHS = NO;
				CLANG_CXX_LANGUAGE_STANDARD = "gnu++0x";
				CLANG_CXX_LIBRARY = "libc++";
				CLANG_ENABLE_MODULES = YES;
				CLANG_ENABLE_OBJC_ARC = YES;
				CLANG_WARN_BOOL_CONVERSION = YES;
				CLANG_WARN_CONSTANT_CONVERSION = YES;
				CLANG_WARN_DIRECT_OBJC_ISA_USAGE = YES_ERROR;
				CLANG_WARN_EMPTY_BODY = YES;
				CLANG_WARN_ENUM_CONVERSION = YES;
				CLANG_WARN_INT_CONVERSION = YES;
				CLANG_WARN_OBJC_ROOT_CLASS = YES_ERROR;
				CLANG_WARN_UNREACHABLE_CODE = YES;
				CLANG_WARN__DUPLICATE_METHOD_MATCH = YES;
				"CODE_SIGN_IDENTITY[sdk=iphoneos*]" = "iPhone Developer";
				COPY_PHASE_STRIP = NO;
				DEBUG_INFORMATION_FORMAT = dwarf;
				ENABLE_STRICT_OBJC_MSGSEND = YES;
				ENABLE_TESTABILITY = YES;
				GCC_C_LANGUAGE_STANDARD = gnu99;
				GCC_DYNAMIC_NO_PIC = NO;
				GCC_NO_COMMON_BLOCKS = YES;
				GCC_OPTIMIZATION_LEVEL = 0;
				GCC_PREPROCESSOR_DEFINITIONS = (
					"DEBUG=1",
					"$(inherited)",
				);
				GCC_WARN_64_TO_32_BIT_CONVERSION = YES;
				GCC_WARN_ABOUT_RETURN_TYPE = YES_ERROR;
				GCC_WARN_UNDECLARED_SELECTOR = YES;
				GCC_WARN_UNINITIALIZED_AUTOS = YES_AGGRESSIVE;
				GCC_WARN_UNUSED_FUNCTION = YES;
				GCC_WARN_UNUSED_VARIABLE = YES;
				IPHONEOS_DEPLOYMENT_TARGET = 9.0;
				MTL_ENABLE_DEBUG_INFO = YES;
				ONLY_ACTIVE_ARCH = YES;
				SDKROOT = iphoneos;
			};
			name = Debug;
		};
		1819141E1D1FE61600EBE46A /* Release */ = {
			isa = XCBuildConfiguration;
			buildSettings = {
				ALWAYS_SEARCH_USER_PATHS = NO;
				CLANG_CXX_LANGUAGE_STANDARD = "gnu++0x";
				CLANG_CXX_LIBRARY = "libc++";
				CLANG_ENABLE_MODULES = YES;
				CLANG_ENABLE_OBJC_ARC = YES;
				CLANG_WARN_BOOL_CONVERSION = YES;
				CLANG_WARN_CONSTANT_CONVERSION = YES;
				CLANG_WARN_DIRECT_OBJC_ISA_USAGE = YES_ERROR;
				CLANG_WARN_EMPTY_BODY = YES;
				CLANG_WARN_ENUM_CONVERSION = YES;
				CLANG_WARN_INT_CONVERSION = YES;
				CLANG_WARN_OBJC_ROOT_CLASS = YES_ERROR;
				CLANG_WARN_UNREACHABLE_CODE = YES;
				CLANG_WARN__DUPLICATE_METHOD_MATCH = YES;
				"CODE_SIGN_IDENTITY[sdk=iphoneos*]" = "iPhone Developer";
				COPY_PHASE_STRIP = NO;
				DEBUG_INFORMATION_FORMAT = "dwarf-with-dsym";
				ENABLE_NS_ASSERTIONS = NO;
				ENABLE_STRICT_OBJC_MSGSEND = YES;
				GCC_C_LANGUAGE_STANDARD = gnu99;
				GCC_NO_COMMON_BLOCKS = YES;
				GCC_WARN_64_TO_32_BIT_CONVERSION = YES;
				GCC_WARN_ABOUT_RETURN_TYPE = YES_ERROR;
				GCC_WARN_UNDECLARED_SELECTOR = YES;
				GCC_WARN_UNINITIALIZED_AUTOS = YES_AGGRESSIVE;
				GCC_WARN_UNUSED_FUNCTION = YES;
				GCC_WARN_UNUSED_VARIABLE = YES;
				IPHONEOS_DEPLOYMENT_TARGET = 9.0;
				MTL_ENABLE_DEBUG_INFO = NO;
				SDKROOT = iphoneos;
				VALIDATE_PRODUCT = YES;
			};
			name = Release;
		};
		181914201D1FE61600EBE46A /* Debug */ = {
			isa = XCBuildConfiguration;
			baseConfigurationReference = A5380B6A83CE1498D2A40298 /* Pods.debug.xcconfig */;
			buildSettings = {
				ASSETCATALOG_COMPILER_APPICON_NAME = AppIcon;
				GCC_PREFIX_HEADER = DynamicCellHeightDemo/DCPrefixHeader.pch;
				INFOPLIST_FILE = DynamicCellHeightDemo/Info.plist;
				LD_RUNPATH_SEARCH_PATHS = "$(inherited) @executable_path/Frameworks";
				PRODUCT_BUNDLE_IDENTIFIER = com.gj.DynamicCellHeightDemo;
				PRODUCT_NAME = "$(TARGET_NAME)";
			};
			name = Debug;
		};
		181914211D1FE61600EBE46A /* Release */ = {
			isa = XCBuildConfiguration;
			baseConfigurationReference = 404BC2FCC5BA3D886ED4E376 /* Pods.release.xcconfig */;
			buildSettings = {
				ASSETCATALOG_COMPILER_APPICON_NAME = AppIcon;
				GCC_PREFIX_HEADER = DynamicCellHeightDemo/DCPrefixHeader.pch;
				INFOPLIST_FILE = DynamicCellHeightDemo/Info.plist;
				LD_RUNPATH_SEARCH_PATHS = "$(inherited) @executable_path/Frameworks";
				PRODUCT_BUNDLE_IDENTIFIER = com.gj.DynamicCellHeightDemo;
				PRODUCT_NAME = "$(TARGET_NAME)";
			};
			name = Release;
		};
		181914231D1FE61600EBE46A /* Debug */ = {
			isa = XCBuildConfiguration;
			buildSettings = {
				BUNDLE_LOADER = "$(TEST_HOST)";
				INFOPLIST_FILE = DynamicCellHeightDemoTests/Info.plist;
				LD_RUNPATH_SEARCH_PATHS = "$(inherited) @executable_path/Frameworks @loader_path/Frameworks";
				PRODUCT_BUNDLE_IDENTIFIER = com.gj.DynamicCellHeightDemoTests;
				PRODUCT_NAME = "$(TARGET_NAME)";
				TEST_HOST = "$(BUILT_PRODUCTS_DIR)/DynamicCellHeightDemo.app/DynamicCellHeightDemo";
			};
			name = Debug;
		};
		181914241D1FE61600EBE46A /* Release */ = {
			isa = XCBuildConfiguration;
			buildSettings = {
				BUNDLE_LOADER = "$(TEST_HOST)";
				INFOPLIST_FILE = DynamicCellHeightDemoTests/Info.plist;
				LD_RUNPATH_SEARCH_PATHS = "$(inherited) @executable_path/Frameworks @loader_path/Frameworks";
				PRODUCT_BUNDLE_IDENTIFIER = com.gj.DynamicCellHeightDemoTests;
				PRODUCT_NAME = "$(TARGET_NAME)";
				TEST_HOST = "$(BUILT_PRODUCTS_DIR)/DynamicCellHeightDemo.app/DynamicCellHeightDemo";
			};
			name = Release;
		};
		181914261D1FE61600EBE46A /* Debug */ = {
			isa = XCBuildConfiguration;
			buildSettings = {
				INFOPLIST_FILE = DynamicCellHeightDemoUITests/Info.plist;
				LD_RUNPATH_SEARCH_PATHS = "$(inherited) @executable_path/Frameworks @loader_path/Frameworks";
				PRODUCT_BUNDLE_IDENTIFIER = com.gj.DynamicCellHeightDemoUITests;
				PRODUCT_NAME = "$(TARGET_NAME)";
				TEST_TARGET_NAME = DynamicCellHeightDemo;
				USES_XCTRUNNER = YES;
			};
			name = Debug;
		};
		181914271D1FE61600EBE46A /* Release */ = {
			isa = XCBuildConfiguration;
			buildSettings = {
				INFOPLIST_FILE = DynamicCellHeightDemoUITests/Info.plist;
				LD_RUNPATH_SEARCH_PATHS = "$(inherited) @executable_path/Frameworks @loader_path/Frameworks";
				PRODUCT_BUNDLE_IDENTIFIER = com.gj.DynamicCellHeightDemoUITests;
				PRODUCT_NAME = "$(TARGET_NAME)";
				TEST_TARGET_NAME = DynamicCellHeightDemo;
				USES_XCTRUNNER = YES;
			};
			name = Release;
		};
/* End XCBuildConfiguration section */

/* Begin XCConfigurationList section */
		181913ED1D1FE61600EBE46A /* Build configuration list for PBXProject "DynamicCellHeightDemo" */ = {
			isa = XCConfigurationList;
			buildConfigurations = (
				1819141D1D1FE61600EBE46A /* Debug */,
				1819141E1D1FE61600EBE46A /* Release */,
			);
			defaultConfigurationIsVisible = 0;
			defaultConfigurationName = Release;
		};
		1819141F1D1FE61600EBE46A /* Build configuration list for PBXNativeTarget "DynamicCellHeightDemo" */ = {
			isa = XCConfigurationList;
			buildConfigurations = (
				181914201D1FE61600EBE46A /* Debug */,
				181914211D1FE61600EBE46A /* Release */,
			);
			defaultConfigurationIsVisible = 0;
			defaultConfigurationName = Release;
		};
		181914221D1FE61600EBE46A /* Build configuration list for PBXNativeTarget "DynamicCellHeightDemoTests" */ = {
			isa = XCConfigurationList;
			buildConfigurations = (
				181914231D1FE61600EBE46A /* Debug */,
				181914241D1FE61600EBE46A /* Release */,
			);
			defaultConfigurationIsVisible = 0;
			defaultConfigurationName = Release;
		};
		181914251D1FE61600EBE46A /* Build configuration list for PBXNativeTarget "DynamicCellHeightDemoUITests" */ = {
			isa = XCConfigurationList;
			buildConfigurations = (
				181914261D1FE61600EBE46A /* Debug */,
				181914271D1FE61600EBE46A /* Release */,
			);
			defaultConfigurationIsVisible = 0;
			defaultConfigurationName = Release;
		};
/* End XCConfigurationList section */
	};
	rootObject = 181913EA1D1FE61600EBE46A /* Project object */;
}
